{
  "name": "rust-buch_assemblyscript",
  "version": "1.0.0",
  "lockfileVersion": 1,
  "requires": true,
  "dependencies": {
    "@assemblyscript/loader": {
      "version": "0.18.5",
      "resolved": "https://registry.npmjs.org/@assemblyscript/loader/-/loader-0.18.5.tgz",
      "integrity": "sha512-AeBak9b00nC4WrUiSku3BZR/3sz2KsmF33HA/jQh2FD0GIE6sKq9xHFzbpX+v+paiyLStKeQVjcOIfht5M4uSQ=="
    },
    "assemblyscript": {
      "version": "0.18.5",
      "resolved": "https://registry.npmjs.org/assemblyscript/-/assemblyscript-0.18.5.tgz",
      "integrity": "sha512-jWqHq2xnp5u3qs2aUyV5oVBP3ShrxF8ly/4RHlJHmdZm5U1WQXmkRb9PQvihzd5jVx6A4gX9+aGhSsYUs7AJaA==",
      "dev": true,
      "requires": {
        "binaryen": "98.0.0-nightly.20210106",
        "long": "^4.0.0"
      }
    },
    "binaryen": {
      "version": "98.0.0-nightly.20210106",
      "resolved": "https://registry.npmjs.org/binaryen/-/binaryen-98.0.0-nightly.20210106.tgz",
      "integrity": "sha512-iunAgesqT9PXVYCc72FA4h0sCCKLifruT6NuUH63xqlFJGpChhZLgOtyIb/fIgTibN5Pd692cxfBViyCWFsJ9Q==",
      "dev": true
    },
    "long": {
      "version": "4.0.0",
      "resolved": "https://registry.npmjs.org/long/-/long-4.0.0.tgz",
      "integrity": "sha512-XsP+KhQif4bjX1kbuSiySJFNAehNxgLb6hPRGJ9QsUr8ajHkuXGdrHmFUTUUXhDwVX2R5bY4JNZEwbUiMhV+MA==",
      "dev": true
    }
  }
}
